
Microsoft Visual Studio Solution File, Format Version 12.00
# Visual Studio Version 17
VisualStudioVersion = 17.0.31903.59
MinimumVisualStudioVersion = 10.0.40219.1
Project("{2150E333-8FDC-42A3-9474-1A3956D46DE8}") = "src", "src", "{827E0CD3-B72D-47B6-A68D-7590B98EB39B}"
EndProject
Project("{FAE04EC0-301F-11D3-BF4B-00C04F79EFBC}") = "NatsDistributedCache", "src\NatsDistributedCache\NatsDistributedCache.csproj", "{6DA43760-9D03-493E-BA97-AB6AF4C6F8BA}"
EndProject
Project("{2150E333-8FDC-42A3-9474-1A3956D46DE8}") = "test", "test", "{0C88DD14-F956-CE84-757C-A364CCF449FC}"
EndProject
Project("{FAE04EC0-301F-11D3-BF4B-00C04F79EFBC}") = "TestUtils", "test\TestUtils\TestUtils.csproj", "{669D553F-2553-40EE-A7D1-B9A591515A1C}"
EndProject
Project("{FAE04EC0-301F-11D3-BF4B-00C04F79EFBC}") = "IntegrationTests", "test\IntegrationTests\IntegrationTests.csproj", "{0E33E098-C65E-4E9B-8EA8-76FEED65B5D6}"
EndProject
Project("{2150E333-8FDC-42A3-9474-1A3956D46DE8}") = "util", "util", "{55AA232E-1A1A-2839-440B-9DCB8E3B1CD6}"
EndProject
Project("{FAE04EC0-301F-11D3-BF4B-00C04F79EFBC}") = "NatsAppHost", "util\NatsAppHost\NatsAppHost.csproj", "{F73CD4BD-5689-4222-BC6D-99E9A536F8D0}"
EndProject
Project("{FAE04EC0-301F-11D3-BF4B-00C04F79EFBC}") = "UnitTests", "test\UnitTests\UnitTests.csproj", "{E2375A65-5A56-4708-997F-2311D9E23FB6}"
EndProject
Project("{FAE04EC0-301F-11D3-BF4B-00C04F79EFBC}") = "PerfTest", "util\PerfTest\PerfTest.csproj", "{2F8B1224-AAC1-4ABB-BFF6-35AFE1D33E29}"
EndProject
Project("{FAE04EC0-301F-11D3-BF4B-00C04F79EFBC}") = "ReadmeExample", "util\ReadmeExample\ReadmeExample.csproj", "{2F16AC9F-97A1-4362-84B4-F03C3EBC6CD6}"
EndProject
Project("{FAE04EC0-301F-11D3-BF4B-00C04F79EFBC}") = "NatsHybridCacheExtensions", "src\NatsHybridCacheExtensions\NatsHybridCacheExtensions.csproj", "{F95B33FB-37B3-44F4-9E10-55835A527CA3}"
EndProject
Global
	GlobalSection(SolutionConfigurationPlatforms) = preSolution
		Debug|Any CPU = Debug|Any CPU
		Debug|x64 = Debug|x64
		Debug|x86 = Debug|x86
		Release|Any CPU = Release|Any CPU
		Release|x64 = Release|x64
		Release|x86 = Release|x86
	EndGlobalSection
	GlobalSection(ProjectConfigurationPlatforms) = postSolution
		{6DA43760-9D03-493E-BA97-AB6AF4C6F8BA}.Debug|Any CPU.ActiveCfg = Debug|Any CPU
		{6DA43760-9D03-493E-BA97-AB6AF4C6F8BA}.Debug|Any CPU.Build.0 = Debug|Any CPU
		{6DA43760-9D03-493E-BA97-AB6AF4C6F8BA}.Debug|x64.ActiveCfg = Debug|Any CPU
		{6DA43760-9D03-493E-BA97-AB6AF4C6F8BA}.Debug|x64.Build.0 = Debug|Any CPU
		{6DA43760-9D03-493E-BA97-AB6AF4C6F8BA}.Debug|x86.ActiveCfg = Debug|Any CPU
		{6DA43760-9D03-493E-BA97-AB6AF4C6F8BA}.Debug|x86.Build.0 = Debug|Any CPU
		{6DA43760-9D03-493E-BA97-AB6AF4C6F8BA}.Release|Any CPU.ActiveCfg = Release|Any CPU
		{6DA43760-9D03-493E-BA97-AB6AF4C6F8BA}.Release|Any CPU.Build.0 = Release|Any CPU
		{6DA43760-9D03-493E-BA97-AB6AF4C6F8BA}.Release|x64.ActiveCfg = Release|Any CPU
		{6DA43760-9D03-493E-BA97-AB6AF4C6F8BA}.Release|x64.Build.0 = Release|Any CPU
		{6DA43760-9D03-493E-BA97-AB6AF4C6F8BA}.Release|x86.ActiveCfg = Release|Any CPU
		{6DA43760-9D03-493E-BA97-AB6AF4C6F8BA}.Release|x86.Build.0 = Release|Any CPU
		{669D553F-2553-40EE-A7D1-B9A591515A1C}.Debug|Any CPU.ActiveCfg = Debug|Any CPU
		{669D553F-2553-40EE-A7D1-B9A591515A1C}.Debug|Any CPU.Build.0 = Debug|Any CPU
		{669D553F-2553-40EE-A7D1-B9A591515A1C}.Debug|x64.ActiveCfg = Debug|Any CPU
		{669D553F-2553-40EE-A7D1-B9A591515A1C}.Debug|x64.Build.0 = Debug|Any CPU
		{669D553F-2553-40EE-A7D1-B9A591515A1C}.Debug|x86.ActiveCfg = Debug|Any CPU
		{669D553F-2553-40EE-A7D1-B9A591515A1C}.Debug|x86.Build.0 = Debug|Any CPU
		{669D553F-2553-40EE-A7D1-B9A591515A1C}.Release|Any CPU.ActiveCfg = Release|Any CPU
		{669D553F-2553-40EE-A7D1-B9A591515A1C}.Release|Any CPU.Build.0 = Release|Any CPU
		{669D553F-2553-40EE-A7D1-B9A591515A1C}.Release|x64.ActiveCfg = Release|Any CPU
		{669D553F-2553-40EE-A7D1-B9A591515A1C}.Release|x64.Build.0 = Release|Any CPU
		{669D553F-2553-40EE-A7D1-B9A591515A1C}.Release|x86.ActiveCfg = Release|Any CPU
		{669D553F-2553-40EE-A7D1-B9A591515A1C}.Release|x86.Build.0 = Release|Any CPU
		{0E33E098-C65E-4E9B-8EA8-76FEED65B5D6}.Debug|Any CPU.ActiveCfg = Debug|Any CPU
		{0E33E098-C65E-4E9B-8EA8-76FEED65B5D6}.Debug|Any CPU.Build.0 = Debug|Any CPU
		{0E33E098-C65E-4E9B-8EA8-76FEED65B5D6}.Debug|x64.ActiveCfg = Debug|Any CPU
		{0E33E098-C65E-4E9B-8EA8-76FEED65B5D6}.Debug|x64.Build.0 = Debug|Any CPU
		{0E33E098-C65E-4E9B-8EA8-76FEED65B5D6}.Debug|x86.ActiveCfg = Debug|Any CPU
		{0E33E098-C65E-4E9B-8EA8-76FEED65B5D6}.Debug|x86.Build.0 = Debug|Any CPU
		{0E33E098-C65E-4E9B-8EA8-76FEED65B5D6}.Release|Any CPU.ActiveCfg = Release|Any CPU
		{0E33E098-C65E-4E9B-8EA8-76FEED65B5D6}.Release|Any CPU.Build.0 = Release|Any CPU
		{0E33E098-C65E-4E9B-8EA8-76FEED65B5D6}.Release|x64.ActiveCfg = Release|Any CPU
		{0E33E098-C65E-4E9B-8EA8-76FEED65B5D6}.Release|x64.Build.0 = Release|Any CPU
		{0E33E098-C65E-4E9B-8EA8-76FEED65B5D6}.Release|x86.ActiveCfg = Release|Any CPU
		{0E33E098-C65E-4E9B-8EA8-76FEED65B5D6}.Release|x86.Build.0 = Release|Any CPU
		{F73CD4BD-5689-4222-BC6D-99E9A536F8D0}.Debug|Any CPU.ActiveCfg = Debug|Any CPU
		{F73CD4BD-5689-4222-BC6D-99E9A536F8D0}.Debug|Any CPU.Build.0 = Debug|Any CPU
		{F73CD4BD-5689-4222-BC6D-99E9A536F8D0}.Debug|x64.ActiveCfg = Debug|Any CPU
		{F73CD4BD-5689-4222-BC6D-99E9A536F8D0}.Debug|x64.Build.0 = Debug|Any CPU
		{F73CD4BD-5689-4222-BC6D-99E9A536F8D0}.Debug|x86.ActiveCfg = Debug|Any CPU
		{F73CD4BD-5689-4222-BC6D-99E9A536F8D0}.Debug|x86.Build.0 = Debug|Any CPU
		{F73CD4BD-5689-4222-BC6D-99E9A536F8D0}.Release|Any CPU.ActiveCfg = Release|Any CPU
		{F73CD4BD-5689-4222-BC6D-99E9A536F8D0}.Release|Any CPU.Build.0 = Release|Any CPU
		{F73CD4BD-5689-4222-BC6D-99E9A536F8D0}.Release|x64.ActiveCfg = Release|Any CPU
		{F73CD4BD-5689-4222-BC6D-99E9A536F8D0}.Release|x64.Build.0 = Release|Any CPU
		{F73CD4BD-5689-4222-BC6D-99E9A536F8D0}.Release|x86.ActiveCfg = Release|Any CPU
		{F73CD4BD-5689-4222-BC6D-99E9A536F8D0}.Release|x86.Build.0 = Release|Any CPU
		{E2375A65-5A56-4708-997F-2311D9E23FB6}.Debug|Any CPU.ActiveCfg = Debug|Any CPU
		{E2375A65-5A56-4708-997F-2311D9E23FB6}.Debug|Any CPU.Build.0 = Debug|Any CPU
		{E2375A65-5A56-4708-997F-2311D9E23FB6}.Debug|x64.ActiveCfg = Debug|Any CPU
		{E2375A65-5A56-4708-997F-2311D9E23FB6}.Debug|x64.Build.0 = Debug|Any CPU
		{E2375A65-5A56-4708-997F-2311D9E23FB6}.Debug|x86.ActiveCfg = Debug|Any CPU
		{E2375A65-5A56-4708-997F-2311D9E23FB6}.Debug|x86.Build.0 = Debug|Any CPU
		{E2375A65-5A56-4708-997F-2311D9E23FB6}.Release|Any CPU.ActiveCfg = Release|Any CPU
		{E2375A65-5A56-4708-997F-2311D9E23FB6}.Release|Any CPU.Build.0 = Release|Any CPU
		{E2375A65-5A56-4708-997F-2311D9E23FB6}.Release|x64.ActiveCfg = Release|Any CPU
		{E2375A65-5A56-4708-997F-2311D9E23FB6}.Release|x64.Build.0 = Release|Any CPU
		{E2375A65-5A56-4708-997F-2311D9E23FB6}.Release|x86.ActiveCfg = Release|Any CPU
		{E2375A65-5A56-4708-997F-2311D9E23FB6}.Release|x86.Build.0 = Release|Any CPU
		{2F8B1224-AAC1-4ABB-BFF6-35AFE1D33E29}.Debug|Any CPU.ActiveCfg = Debug|Any CPU
		{2F8B1224-AAC1-4ABB-BFF6-35AFE1D33E29}.Debug|Any CPU.Build.0 = Debug|Any CPU
		{2F8B1224-AAC1-4ABB-BFF6-35AFE1D33E29}.Debug|x64.ActiveCfg = Debug|Any CPU
		{2F8B1224-AAC1-4ABB-BFF6-35AFE1D33E29}.Debug|x64.Build.0 = Debug|Any CPU
		{2F8B1224-AAC1-4ABB-BFF6-35AFE1D33E29}.Debug|x86.ActiveCfg = Debug|Any CPU
		{2F8B1224-AAC1-4ABB-BFF6-35AFE1D33E29}.Debug|x86.Build.0 = Debug|Any CPU
		{2F8B1224-AAC1-4ABB-BFF6-35AFE1D33E29}.Release|Any CPU.ActiveCfg = Release|Any CPU
		{2F8B1224-AAC1-4ABB-BFF6-35AFE1D33E29}.Release|Any CPU.Build.0 = Release|Any CPU
		{2F8B1224-AAC1-4ABB-BFF6-35AFE1D33E29}.Release|x64.ActiveCfg = Release|Any CPU
		{2F8B1224-AAC1-4ABB-BFF6-35AFE1D33E29}.Release|x64.Build.0 = Release|Any CPU
		{2F8B1224-AAC1-4ABB-BFF6-35AFE1D33E29}.Release|x86.ActiveCfg = Release|Any CPU
		{2F8B1224-AAC1-4ABB-BFF6-35AFE1D33E29}.Release|x86.Build.0 = Release|Any CPU
		{2F16AC9F-97A1-4362-84B4-F03C3EBC6CD6}.Debug|Any CPU.ActiveCfg = Debug|Any CPU
		{2F16AC9F-97A1-4362-84B4-F03C3EBC6CD6}.Debug|Any CPU.Build.0 = Debug|Any CPU
		{2F16AC9F-97A1-4362-84B4-F03C3EBC6CD6}.Debug|x64.ActiveCfg = Debug|Any CPU
		{2F16AC9F-97A1-4362-84B4-F03C3EBC6CD6}.Debug|x64.Build.0 = Debug|Any CPU
		{2F16AC9F-97A1-4362-84B4-F03C3EBC6CD6}.Debug|x86.ActiveCfg = Debug|Any CPU
		{2F16AC9F-97A1-4362-84B4-F03C3EBC6CD6}.Debug|x86.Build.0 = Debug|Any CPU
		{2F16AC9F-97A1-4362-84B4-F03C3EBC6CD6}.Release|Any CPU.ActiveCfg = Release|Any CPU
		{2F16AC9F-97A1-4362-84B4-F03C3EBC6CD6}.Release|Any CPU.Build.0 = Release|Any CPU
		{2F16AC9F-97A1-4362-84B4-F03C3EBC6CD6}.Release|x64.ActiveCfg = Release|Any CPU
		{2F16AC9F-97A1-4362-84B4-F03C3EBC6CD6}.Release|x64.Build.0 = Release|Any CPU
		{2F16AC9F-97A1-4362-84B4-F03C3EBC6CD6}.Release|x86.ActiveCfg = Release|Any CPU
		{2F16AC9F-97A1-4362-84B4-F03C3EBC6CD6}.Release|x86.Build.0 = Release|Any CPU
		{F95B33FB-37B3-44F4-9E10-55835A527CA3}.Debug|Any CPU.ActiveCfg = Debug|Any CPU
		{F95B33FB-37B3-44F4-9E10-55835A527CA3}.Debug|Any CPU.Build.0 = Debug|Any CPU
		{F95B33FB-37B3-44F4-9E10-55835A527CA3}.Debug|x64.ActiveCfg = Debug|Any CPU
		{F95B33FB-37B3-44F4-9E10-55835A527CA3}.Debug|x64.Build.0 = Debug|Any CPU
		{F95B33FB-37B3-44F4-9E10-55835A527CA3}.Debug|x86.ActiveCfg = Debug|Any CPU
		{F95B33FB-37B3-44F4-9E10-55835A527CA3}.Debug|x86.Build.0 = Debug|Any CPU
		{F95B33FB-37B3-44F4-9E10-55835A527CA3}.Release|Any CPU.ActiveCfg = Release|Any CPU
		{F95B33FB-37B3-44F4-9E10-55835A527CA3}.Release|Any CPU.Build.0 = Release|Any CPU
		{F95B33FB-37B3-44F4-9E10-55835A527CA3}.Release|x64.ActiveCfg = Release|Any CPU
		{F95B33FB-37B3-44F4-9E10-55835A527CA3}.Release|x64.Build.0 = Release|Any CPU
		{F95B33FB-37B3-44F4-9E10-55835A527CA3}.Release|x86.ActiveCfg = Release|Any CPU
		{F95B33FB-37B3-44F4-9E10-55835A527CA3}.Release|x86.Build.0 = Release|Any CPU
	EndGlobalSection
	GlobalSection(SolutionProperties) = preSolution
		HideSolutionNode = FALSE
	EndGlobalSection
	GlobalSection(NestedProjects) = preSolution
		{6DA43760-9D03-493E-BA97-AB6AF4C6F8BA} = {827E0CD3-B72D-47B6-A68D-7590B98EB39B}
		{669D553F-2553-40EE-A7D1-B9A591515A1C} = {0C88DD14-F956-CE84-757C-A364CCF449FC}
		{0E33E098-C65E-4E9B-8EA8-76FEED65B5D6} = {0C88DD14-F956-CE84-757C-A364CCF449FC}
		{F73CD4BD-5689-4222-BC6D-99E9A536F8D0} = {55AA232E-1A1A-2839-440B-9DCB8E3B1CD6}
		{E2375A65-5A56-4708-997F-2311D9E23FB6} = {0C88DD14-F956-CE84-757C-A364CCF449FC}
		{2F8B1224-AAC1-4ABB-BFF6-35AFE1D33E29} = {55AA232E-1A1A-2839-440B-9DCB8E3B1CD6}
		{2F16AC9F-97A1-4362-84B4-F03C3EBC6CD6} = {55AA232E-1A1A-2839-440B-9DCB8E3B1CD6}
		{F95B33FB-37B3-44F4-9E10-55835A527CA3} = {827E0CD3-B72D-47B6-A68D-7590B98EB39B}
	EndGlobalSection
EndGlobal
